
Microsoft Visual Studio Solution File, Format Version 12.00
# Visual Studio 14
VisualStudioVersion = 14.0.25123.0
MinimumVisualStudioVersion = 10.0.40219.1
Project("{FAE04EC0-301F-11D3-BF4B-00C04F79EFBC}") = "MonoGame.PortableUI", "MonoGame.PortableUI\MonoGame.PortableUI.csproj", "{EA46B3A2-3118-4546-8BAD-19F6B74E8FDD}"
EndProject
Project("{FAE04EC0-301F-11D3-BF4B-00C04F79EFBC}") = "SampleClient.Windows", "SampleClient.Windows\SampleClient.Windows.csproj", "{3CC2955E-2B09-43BB-B5DE-B659492B4DF4}"
	ProjectSection(ProjectDependencies) = postProject
		{54F0B3EE-5FB9-4048-97F7-839A74E620CD} = {54F0B3EE-5FB9-4048-97F7-839A74E620CD}
	EndProjectSection
EndProject
Project("{FAE04EC0-301F-11D3-BF4B-00C04F79EFBC}") = "SampleClient.Android", "SampleClient.Android\SampleClient.Android.csproj", "{B19B0E57-95BA-4A11-AB49-C501269ABAAC}"
EndProject
Project("{FAE04EC0-301F-11D3-BF4B-00C04F79EFBC}") = "SampleApp", "SampleApp\SampleApp.csproj", "{54F0B3EE-5FB9-4048-97F7-839A74E620CD}"
EndProject
Project("{2150E333-8FDC-42A3-9474-1A3956D46DE8}") = "Content", "Content", "{AB0C11C8-D7FA-41CE-8C05-B6F747C457C4}"
	ProjectSection(SolutionItems) = preProject
		Content\Content.mgcb = Content\Content.mgcb
		README.md = README.md
	EndProjectSection
EndProject
Project("{FAE04EC0-301F-11D3-BF4B-00C04F79EFBC}") = "SampleClient.iOS", "SampleClient.iOS\SampleClient.iOS.csproj", "{9273C92B-6E29-4AEC-8545-596EF07512E6}"
EndProject
Project("{FAE04EC0-301F-11D3-BF4B-00C04F79EFBC}") = "MonoGame.PortableUI.Tests", "MonoGame.PortableUI.Tests\MonoGame.PortableUI.Tests.csproj", "{6576B61E-C41C-4F3D-84C0-F79C057AE899}"
EndProject
Global
	GlobalSection(SolutionConfigurationPlatforms) = preSolution
		Ad-Hoc|Any CPU = Ad-Hoc|Any CPU
		Ad-Hoc|iPhone = Ad-Hoc|iPhone
		Ad-Hoc|iPhoneSimulator = Ad-Hoc|iPhoneSimulator
		AppStore|Any CPU = AppStore|Any CPU
		AppStore|iPhone = AppStore|iPhone
		AppStore|iPhoneSimulator = AppStore|iPhoneSimulator
		Debug|Any CPU = Debug|Any CPU
		Debug|iPhone = Debug|iPhone
		Debug|iPhoneSimulator = Debug|iPhoneSimulator
		Release|Any CPU = Release|Any CPU
		Release|iPhone = Release|iPhone
		Release|iPhoneSimulator = Release|iPhoneSimulator
	EndGlobalSection
	GlobalSection(ProjectConfigurationPlatforms) = postSolution
		{EA46B3A2-3118-4546-8BAD-19F6B74E8FDD}.Ad-Hoc|Any CPU.ActiveCfg = Release|Any CPU
		{EA46B3A2-3118-4546-8BAD-19F6B74E8FDD}.Ad-Hoc|Any CPU.Build.0 = Release|Any CPU
		{EA46B3A2-3118-4546-8BAD-19F6B74E8FDD}.Ad-Hoc|iPhone.ActiveCfg = Release|Any CPU
		{EA46B3A2-3118-4546-8BAD-19F6B74E8FDD}.Ad-Hoc|iPhone.Build.0 = Release|Any CPU
		{EA46B3A2-3118-4546-8BAD-19F6B74E8FDD}.Ad-Hoc|iPhoneSimulator.ActiveCfg = Release|Any CPU
		{EA46B3A2-3118-4546-8BAD-19F6B74E8FDD}.Ad-Hoc|iPhoneSimulator.Build.0 = Release|Any CPU
		{EA46B3A2-3118-4546-8BAD-19F6B74E8FDD}.AppStore|Any CPU.ActiveCfg = Release|Any CPU
		{EA46B3A2-3118-4546-8BAD-19F6B74E8FDD}.AppStore|Any CPU.Build.0 = Release|Any CPU
		{EA46B3A2-3118-4546-8BAD-19F6B74E8FDD}.AppStore|iPhone.ActiveCfg = Release|Any CPU
		{EA46B3A2-3118-4546-8BAD-19F6B74E8FDD}.AppStore|iPhone.Build.0 = Release|Any CPU
		{EA46B3A2-3118-4546-8BAD-19F6B74E8FDD}.AppStore|iPhoneSimulator.ActiveCfg = Release|Any CPU
		{EA46B3A2-3118-4546-8BAD-19F6B74E8FDD}.AppStore|iPhoneSimulator.Build.0 = Release|Any CPU
		{EA46B3A2-3118-4546-8BAD-19F6B74E8FDD}.Debug|Any CPU.ActiveCfg = Debug|Any CPU
		{EA46B3A2-3118-4546-8BAD-19F6B74E8FDD}.Debug|Any CPU.Build.0 = Debug|Any CPU
		{EA46B3A2-3118-4546-8BAD-19F6B74E8FDD}.Debug|iPhone.ActiveCfg = Debug|Any CPU
		{EA46B3A2-3118-4546-8BAD-19F6B74E8FDD}.Debug|iPhone.Build.0 = Debug|Any CPU
		{EA46B3A2-3118-4546-8BAD-19F6B74E8FDD}.Debug|iPhoneSimulator.ActiveCfg = Debug|Any CPU
		{EA46B3A2-3118-4546-8BAD-19F6B74E8FDD}.Debug|iPhoneSimulator.Build.0 = Debug|Any CPU
		{EA46B3A2-3118-4546-8BAD-19F6B74E8FDD}.Release|Any CPU.ActiveCfg = Release|Any CPU
		{EA46B3A2-3118-4546-8BAD-19F6B74E8FDD}.Release|Any CPU.Build.0 = Release|Any CPU
		{EA46B3A2-3118-4546-8BAD-19F6B74E8FDD}.Release|iPhone.ActiveCfg = Release|Any CPU
		{EA46B3A2-3118-4546-8BAD-19F6B74E8FDD}.Release|iPhone.Build.0 = Release|Any CPU
		{EA46B3A2-3118-4546-8BAD-19F6B74E8FDD}.Release|iPhoneSimulator.ActiveCfg = Release|Any CPU
		{EA46B3A2-3118-4546-8BAD-19F6B74E8FDD}.Release|iPhoneSimulator.Build.0 = Release|Any CPU
		{3CC2955E-2B09-43BB-B5DE-B659492B4DF4}.Ad-Hoc|Any CPU.ActiveCfg = Release|Any CPU
		{3CC2955E-2B09-43BB-B5DE-B659492B4DF4}.Ad-Hoc|Any CPU.Build.0 = Release|Any CPU
		{3CC2955E-2B09-43BB-B5DE-B659492B4DF4}.Ad-Hoc|iPhone.ActiveCfg = Release|Any CPU
		{3CC2955E-2B09-43BB-B5DE-B659492B4DF4}.Ad-Hoc|iPhone.Build.0 = Release|Any CPU
		{3CC2955E-2B09-43BB-B5DE-B659492B4DF4}.Ad-Hoc|iPhoneSimulator.ActiveCfg = Release|Any CPU
		{3CC2955E-2B09-43BB-B5DE-B659492B4DF4}.Ad-Hoc|iPhoneSimulator.Build.0 = Release|Any CPU
		{3CC2955E-2B09-43BB-B5DE-B659492B4DF4}.AppStore|Any CPU.ActiveCfg = Release|Any CPU
		{3CC2955E-2B09-43BB-B5DE-B659492B4DF4}.AppStore|Any CPU.Build.0 = Release|Any CPU
		{3CC2955E-2B09-43BB-B5DE-B659492B4DF4}.AppStore|iPhone.ActiveCfg = Release|Any CPU
		{3CC2955E-2B09-43BB-B5DE-B659492B4DF4}.AppStore|iPhone.Build.0 = Release|Any CPU
		{3CC2955E-2B09-43BB-B5DE-B659492B4DF4}.AppStore|iPhoneSimulator.ActiveCfg = Release|Any CPU
		{3CC2955E-2B09-43BB-B5DE-B659492B4DF4}.AppStore|iPhoneSimulator.Build.0 = Release|Any CPU
		{3CC2955E-2B09-43BB-B5DE-B659492B4DF4}.Debug|Any CPU.ActiveCfg = Debug|Any CPU
		{3CC2955E-2B09-43BB-B5DE-B659492B4DF4}.Debug|Any CPU.Build.0 = Debug|Any CPU
		{3CC2955E-2B09-43BB-B5DE-B659492B4DF4}.Debug|iPhone.ActiveCfg = Debug|Any CPU
		{3CC2955E-2B09-43BB-B5DE-B659492B4DF4}.Debug|iPhone.Build.0 = Debug|Any CPU
		{3CC2955E-2B09-43BB-B5DE-B659492B4DF4}.Debug|iPhoneSimulator.ActiveCfg = Debug|Any CPU
		{3CC2955E-2B09-43BB-B5DE-B659492B4DF4}.Debug|iPhoneSimulator.Build.0 = Debug|Any CPU
		{3CC2955E-2B09-43BB-B5DE-B659492B4DF4}.Release|Any CPU.ActiveCfg = Release|Any CPU
		{3CC2955E-2B09-43BB-B5DE-B659492B4DF4}.Release|Any CPU.Build.0 = Release|Any CPU
		{3CC2955E-2B09-43BB-B5DE-B659492B4DF4}.Release|iPhone.ActiveCfg = Release|Any CPU
		{3CC2955E-2B09-43BB-B5DE-B659492B4DF4}.Release|iPhone.Build.0 = Release|Any CPU
		{3CC2955E-2B09-43BB-B5DE-B659492B4DF4}.Release|iPhoneSimulator.ActiveCfg = Release|Any CPU
		{3CC2955E-2B09-43BB-B5DE-B659492B4DF4}.Release|iPhoneSimulator.Build.0 = Release|Any CPU
		{B19B0E57-95BA-4A11-AB49-C501269ABAAC}.Ad-Hoc|Any CPU.ActiveCfg = Release|Any CPU
		{B19B0E57-95BA-4A11-AB49-C501269ABAAC}.Ad-Hoc|Any CPU.Build.0 = Release|Any CPU
		{B19B0E57-95BA-4A11-AB49-C501269ABAAC}.Ad-Hoc|Any CPU.Deploy.0 = Release|Any CPU
		{B19B0E57-95BA-4A11-AB49-C501269ABAAC}.Ad-Hoc|iPhone.ActiveCfg = Release|Any CPU
		{B19B0E57-95BA-4A11-AB49-C501269ABAAC}.Ad-Hoc|iPhone.Build.0 = Release|Any CPU
		{B19B0E57-95BA-4A11-AB49-C501269ABAAC}.Ad-Hoc|iPhone.Deploy.0 = Release|Any CPU
		{B19B0E57-95BA-4A11-AB49-C501269ABAAC}.Ad-Hoc|iPhoneSimulator.ActiveCfg = Release|Any CPU
		{B19B0E57-95BA-4A11-AB49-C501269ABAAC}.Ad-Hoc|iPhoneSimulator.Build.0 = Release|Any CPU
		{B19B0E57-95BA-4A11-AB49-C501269ABAAC}.Ad-Hoc|iPhoneSimulator.Deploy.0 = Release|Any CPU
		{B19B0E57-95BA-4A11-AB49-C501269ABAAC}.AppStore|Any CPU.ActiveCfg = Release|Any CPU
		{B19B0E57-95BA-4A11-AB49-C501269ABAAC}.AppStore|Any CPU.Build.0 = Release|Any CPU
		{B19B0E57-95BA-4A11-AB49-C501269ABAAC}.AppStore|Any CPU.Deploy.0 = Release|Any CPU
		{B19B0E57-95BA-4A11-AB49-C501269ABAAC}.AppStore|iPhone.ActiveCfg = Release|Any CPU
		{B19B0E57-95BA-4A11-AB49-C501269ABAAC}.AppStore|iPhone.Build.0 = Release|Any CPU
		{B19B0E57-95BA-4A11-AB49-C501269ABAAC}.AppStore|iPhone.Deploy.0 = Release|Any CPU
		{B19B0E57-95BA-4A11-AB49-C501269ABAAC}.AppStore|iPhoneSimulator.ActiveCfg = Release|Any CPU
		{B19B0E57-95BA-4A11-AB49-C501269ABAAC}.AppStore|iPhoneSimulator.Build.0 = Release|Any CPU
		{B19B0E57-95BA-4A11-AB49-C501269ABAAC}.AppStore|iPhoneSimulator.Deploy.0 = Release|Any CPU
		{B19B0E57-95BA-4A11-AB49-C501269ABAAC}.Debug|Any CPU.ActiveCfg = Debug|Any CPU
		{B19B0E57-95BA-4A11-AB49-C501269ABAAC}.Debug|Any CPU.Build.0 = Debug|Any CPU
		{B19B0E57-95BA-4A11-AB49-C501269ABAAC}.Debug|Any CPU.Deploy.0 = Debug|Any CPU
		{B19B0E57-95BA-4A11-AB49-C501269ABAAC}.Debug|iPhone.ActiveCfg = Debug|Any CPU
		{B19B0E57-95BA-4A11-AB49-C501269ABAAC}.Debug|iPhone.Build.0 = Debug|Any CPU
		{B19B0E57-95BA-4A11-AB49-C501269ABAAC}.Debug|iPhone.Deploy.0 = Debug|Any CPU
		{B19B0E57-95BA-4A11-AB49-C501269ABAAC}.Debug|iPhoneSimulator.ActiveCfg = Debug|Any CPU
		{B19B0E57-95BA-4A11-AB49-C501269ABAAC}.Debug|iPhoneSimulator.Build.0 = Debug|Any CPU
		{B19B0E57-95BA-4A11-AB49-C501269ABAAC}.Debug|iPhoneSimulator.Deploy.0 = Debug|Any CPU
		{B19B0E57-95BA-4A11-AB49-C501269ABAAC}.Release|Any CPU.ActiveCfg = Release|Any CPU
		{B19B0E57-95BA-4A11-AB49-C501269ABAAC}.Release|Any CPU.Build.0 = Release|Any CPU
		{B19B0E57-95BA-4A11-AB49-C501269ABAAC}.Release|Any CPU.Deploy.0 = Release|Any CPU
		{B19B0E57-95BA-4A11-AB49-C501269ABAAC}.Release|iPhone.ActiveCfg = Release|Any CPU
		{B19B0E57-95BA-4A11-AB49-C501269ABAAC}.Release|iPhone.Build.0 = Release|Any CPU
		{B19B0E57-95BA-4A11-AB49-C501269ABAAC}.Release|iPhone.Deploy.0 = Release|Any CPU
		{B19B0E57-95BA-4A11-AB49-C501269ABAAC}.Release|iPhoneSimulator.ActiveCfg = Release|Any CPU
		{B19B0E57-95BA-4A11-AB49-C501269ABAAC}.Release|iPhoneSimulator.Build.0 = Release|Any CPU
		{B19B0E57-95BA-4A11-AB49-C501269ABAAC}.Release|iPhoneSimulator.Deploy.0 = Release|Any CPU
		{54F0B3EE-5FB9-4048-97F7-839A74E620CD}.Ad-Hoc|Any CPU.ActiveCfg = Release|Any CPU
		{54F0B3EE-5FB9-4048-97F7-839A74E620CD}.Ad-Hoc|Any CPU.Build.0 = Release|Any CPU
		{54F0B3EE-5FB9-4048-97F7-839A74E620CD}.Ad-Hoc|iPhone.ActiveCfg = Release|Any CPU
		{54F0B3EE-5FB9-4048-97F7-839A74E620CD}.Ad-Hoc|iPhone.Build.0 = Release|Any CPU
		{54F0B3EE-5FB9-4048-97F7-839A74E620CD}.Ad-Hoc|iPhoneSimulator.ActiveCfg = Release|Any CPU
		{54F0B3EE-5FB9-4048-97F7-839A74E620CD}.Ad-Hoc|iPhoneSimulator.Build.0 = Release|Any CPU
		{54F0B3EE-5FB9-4048-97F7-839A74E620CD}.AppStore|Any CPU.ActiveCfg = Release|Any CPU
		{54F0B3EE-5FB9-4048-97F7-839A74E620CD}.AppStore|Any CPU.Build.0 = Release|Any CPU
		{54F0B3EE-5FB9-4048-97F7-839A74E620CD}.AppStore|iPhone.ActiveCfg = Release|Any CPU
		{54F0B3EE-5FB9-4048-97F7-839A74E620CD}.AppStore|iPhone.Build.0 = Release|Any CPU
		{54F0B3EE-5FB9-4048-97F7-839A74E620CD}.AppStore|iPhoneSimulator.ActiveCfg = Release|Any CPU
		{54F0B3EE-5FB9-4048-97F7-839A74E620CD}.AppStore|iPhoneSimulator.Build.0 = Release|Any CPU
		{54F0B3EE-5FB9-4048-97F7-839A74E620CD}.Debug|Any CPU.ActiveCfg = Debug|Any CPU
		{54F0B3EE-5FB9-4048-97F7-839A74E620CD}.Debug|Any CPU.Build.0 = Debug|Any CPU
		{54F0B3EE-5FB9-4048-97F7-839A74E620CD}.Debug|iPhone.ActiveCfg = Debug|Any CPU
		{54F0B3EE-5FB9-4048-97F7-839A74E620CD}.Debug|iPhone.Build.0 = Debug|Any CPU
		{54F0B3EE-5FB9-4048-97F7-839A74E620CD}.Debug|iPhoneSimulator.ActiveCfg = Debug|Any CPU
		{54F0B3EE-5FB9-4048-97F7-839A74E620CD}.Debug|iPhoneSimulator.Build.0 = Debug|Any CPU
		{54F0B3EE-5FB9-4048-97F7-839A74E620CD}.Release|Any CPU.ActiveCfg = Release|Any CPU
		{54F0B3EE-5FB9-4048-97F7-839A74E620CD}.Release|Any CPU.Build.0 = Release|Any CPU
		{54F0B3EE-5FB9-4048-97F7-839A74E620CD}.Release|iPhone.ActiveCfg = Release|Any CPU
		{54F0B3EE-5FB9-4048-97F7-839A74E620CD}.Release|iPhone.Build.0 = Release|Any CPU
		{54F0B3EE-5FB9-4048-97F7-839A74E620CD}.Release|iPhoneSimulator.ActiveCfg = Release|Any CPU
		{54F0B3EE-5FB9-4048-97F7-839A74E620CD}.Release|iPhoneSimulator.Build.0 = Release|Any CPU
		{9273C92B-6E29-4AEC-8545-596EF07512E6}.Ad-Hoc|Any CPU.ActiveCfg = Ad-Hoc|iPhone
		{9273C92B-6E29-4AEC-8545-596EF07512E6}.Ad-Hoc|iPhone.ActiveCfg = Ad-Hoc|iPhone
		{9273C92B-6E29-4AEC-8545-596EF07512E6}.Ad-Hoc|iPhone.Build.0 = Ad-Hoc|iPhone
		{9273C92B-6E29-4AEC-8545-596EF07512E6}.Ad-Hoc|iPhoneSimulator.ActiveCfg = Ad-Hoc|iPhoneSimulator
		{9273C92B-6E29-4AEC-8545-596EF07512E6}.Ad-Hoc|iPhoneSimulator.Build.0 = Ad-Hoc|iPhoneSimulator
		{9273C92B-6E29-4AEC-8545-596EF07512E6}.AppStore|Any CPU.ActiveCfg = AppStore|iPhone
		{9273C92B-6E29-4AEC-8545-596EF07512E6}.AppStore|iPhone.ActiveCfg = AppStore|iPhone
		{9273C92B-6E29-4AEC-8545-596EF07512E6}.AppStore|iPhone.Build.0 = AppStore|iPhone
		{9273C92B-6E29-4AEC-8545-596EF07512E6}.AppStore|iPhoneSimulator.ActiveCfg = AppStore|iPhoneSimulator
		{9273C92B-6E29-4AEC-8545-596EF07512E6}.AppStore|iPhoneSimulator.Build.0 = AppStore|iPhoneSimulator
		{9273C92B-6E29-4AEC-8545-596EF07512E6}.Debug|Any CPU.ActiveCfg = Debug|iPhone
		{9273C92B-6E29-4AEC-8545-596EF07512E6}.Debug|Any CPU.Build.0 = Debug|iPhone
		{9273C92B-6E29-4AEC-8545-596EF07512E6}.Debug|iPhone.ActiveCfg = Debug|iPhone
		{9273C92B-6E29-4AEC-8545-596EF07512E6}.Debug|iPhone.Build.0 = Debug|iPhone
		{9273C92B-6E29-4AEC-8545-596EF07512E6}.Debug|iPhoneSimulator.ActiveCfg = Debug|iPhoneSimulator
		{9273C92B-6E29-4AEC-8545-596EF07512E6}.Debug|iPhoneSimulator.Build.0 = Debug|iPhoneSimulator
		{9273C92B-6E29-4AEC-8545-596EF07512E6}.Release|Any CPU.ActiveCfg = Release|iPhone
		{9273C92B-6E29-4AEC-8545-596EF07512E6}.Release|iPhone.ActiveCfg = Release|iPhone
		{9273C92B-6E29-4AEC-8545-596EF07512E6}.Release|iPhone.Build.0 = Release|iPhone
		{9273C92B-6E29-4AEC-8545-596EF07512E6}.Release|iPhoneSimulator.ActiveCfg = Release|iPhoneSimulator
		{9273C92B-6E29-4AEC-8545-596EF07512E6}.Release|iPhoneSimulator.Build.0 = Release|iPhoneSimulator
		{6576B61E-C41C-4F3D-84C0-F79C057AE899}.Ad-Hoc|Any CPU.ActiveCfg = Release|Any CPU
		{6576B61E-C41C-4F3D-84C0-F79C057AE899}.Ad-Hoc|Any CPU.Build.0 = Release|Any CPU
		{6576B61E-C41C-4F3D-84C0-F79C057AE899}.Ad-Hoc|iPhone.ActiveCfg = Release|Any CPU
		{6576B61E-C41C-4F3D-84C0-F79C057AE899}.Ad-Hoc|iPhone.Build.0 = Release|Any CPU
		{6576B61E-C41C-4F3D-84C0-F79C057AE899}.Ad-Hoc|iPhoneSimulator.ActiveCfg = Release|Any CPU
		{6576B61E-C41C-4F3D-84C0-F79C057AE899}.Ad-Hoc|iPhoneSimulator.Build.0 = Release|Any CPU
		{6576B61E-C41C-4F3D-84C0-F79C057AE899}.AppStore|Any CPU.ActiveCfg = Release|Any CPU
		{6576B61E-C41C-4F3D-84C0-F79C057AE899}.AppStore|Any CPU.Build.0 = Release|Any CPU
		{6576B61E-C41C-4F3D-84C0-F79C057AE899}.AppStore|iPhone.ActiveCfg = Release|Any CPU
		{6576B61E-C41C-4F3D-84C0-F79C057AE899}.AppStore|iPhone.Build.0 = Release|Any CPU
		{6576B61E-C41C-4F3D-84C0-F79C057AE899}.AppStore|iPhoneSimulator.ActiveCfg = Release|Any CPU
		{6576B61E-C41C-4F3D-84C0-F79C057AE899}.AppStore|iPhoneSimulator.Build.0 = Release|Any CPU
		{6576B61E-C41C-4F3D-84C0-F79C057AE899}.Debug|Any CPU.ActiveCfg = Debug|Any CPU
		{6576B61E-C41C-4F3D-84C0-F79C057AE899}.Debug|Any CPU.Build.0 = Debug|Any CPU
		{6576B61E-C41C-4F3D-84C0-F79C057AE899}.Debug|iPhone.ActiveCfg = Debug|Any CPU
		{6576B61E-C41C-4F3D-84C0-F79C057AE899}.Debug|iPhone.Build.0 = Debug|Any CPU
		{6576B61E-C41C-4F3D-84C0-F79C057AE899}.Debug|iPhoneSimulator.ActiveCfg = Debug|Any CPU
		{6576B61E-C41C-4F3D-84C0-F79C057AE899}.Debug|iPhoneSimulator.Build.0 = Debug|Any CPU
		{6576B61E-C41C-4F3D-84C0-F79C057AE899}.Release|Any CPU.ActiveCfg = Release|Any CPU
		{6576B61E-C41C-4F3D-84C0-F79C057AE899}.Release|Any CPU.Build.0 = Release|Any CPU
		{6576B61E-C41C-4F3D-84C0-F79C057AE899}.Release|iPhone.ActiveCfg = Release|Any CPU
		{6576B61E-C41C-4F3D-84C0-F79C057AE899}.Release|iPhone.Build.0 = Release|Any CPU
		{6576B61E-C41C-4F3D-84C0-F79C057AE899}.Release|iPhoneSimulator.ActiveCfg = Release|Any CPU
		{6576B61E-C41C-4F3D-84C0-F79C057AE899}.Release|iPhoneSimulator.Build.0 = Release|Any CPU
	EndGlobalSection
	GlobalSection(SolutionProperties) = preSolution
		HideSolutionNode = FALSE
	EndGlobalSection
EndGlobal
