<Solution>
  <Folder Name="/samples/">
    <Project Path="samples/MonoGame.PortableUI.Demo/MonoGame.PortableUI.Demo.csproj" />
  </Folder>
  <Folder Name="/src/">
    <Project Path="src/MonoGame.PortableUI/MonoGame.PortableUI.csproj" />
  </Folder>
  <Folder Name="/tests/">
    <Project Path="tests/MonoGame.PortableUI.Tests/MonoGame.PortableUI.Tests.csproj" />
  </Folder>
</Solution>
